
Microsoft Visual Studio Solution File, Format Version 12.00
# Visual Studio Version 17
VisualStudioVersion = 17.14.36603.0 d17.14
MinimumVisualStudioVersion = 10.0.40219.1
Project("{FAE04EC0-301F-11D3-BF4B-00C04F79EFBC}") = "MiniCalculator", "MiniCalculator.csproj", "{1CD08192-AA1B-4E67-8B9F-5F0E28D2CD68}"
EndProject
Global
	GlobalSection(SolutionConfigurationPlatforms) = preSolution
		Debug|Any CPU = Debug|Any CPU
		Release|Any CPU = Release|Any CPU
	EndGlobalSection
	GlobalSection(ProjectConfigurationPlatforms) = postSolution
		{1CD08192-AA1B-4E67-8B9F-5F0E28D2CD68}.Debug|Any CPU.ActiveCfg = Debug|Any CPU
		{1CD08192-AA1B-4E67-8B9F-5F0E28D2CD68}.Debug|Any CPU.Build.0 = Debug|Any CPU
		{1CD08192-AA1B-4E67-8B9F-5F0E28D2CD68}.Release|Any CPU.ActiveCfg = Release|Any CPU
		{1CD08192-AA1B-4E67-8B9F-5F0E28D2CD68}.Release|Any CPU.Build.0 = Release|Any CPU
	EndGlobalSection
	GlobalSection(SolutionProperties) = preSolution
		HideSolutionNode = FALSE
	EndGlobalSection
	GlobalSection(ExtensibilityGlobals) = postSolution
		SolutionGuid = {D87F1241-3366-461C-BF81-F126B4E75398}
	EndGlobalSection
EndGlobal
